
Microsoft Visual Studio Solution File, Format Version 12.00
# Visual Studio 15
VisualStudioVersion = 15.0.28010.2003
MinimumVisualStudioVersion = 10.0.40219.1
Project("{FAE04EC0-301F-11D3-BF4B-00C04F79EFBC}") = "Event_Scheduler", "Event_Scheduler\Event_Scheduler.csproj", "{00F32B78-9835-4187-928F-8E341C4E9B10}"
EndProject
Global
	GlobalSection(SolutionConfigurationPlatforms) = preSolution
		Debug|Any CPU = Debug|Any CPU
		Release|Any CPU = Release|Any CPU
	EndGlobalSection
	GlobalSection(ProjectConfigurationPlatforms) = postSolution
		{00F32B78-9835-4187-928F-8E341C4E9B10}.Debug|Any CPU.ActiveCfg = Debug|Any CPU
		{00F32B78-9835-4187-928F-8E341C4E9B10}.Debug|Any CPU.Build.0 = Debug|Any CPU
		{00F32B78-9835-4187-928F-8E341C4E9B10}.Release|Any CPU.ActiveCfg = Release|Any CPU
		{00F32B78-9835-4187-928F-8E341C4E9B10}.Release|Any CPU.Build.0 = Release|Any CPU
	EndGlobalSection
	GlobalSection(SolutionProperties) = preSolution
		HideSolutionNode = FALSE
	EndGlobalSection
	GlobalSection(ExtensibilityGlobals) = postSolution
		SolutionGuid = {68034C40-9519-453E-8B8C-867E018B256B}
	EndGlobalSection
EndGlobal
